// !$*UTF8*$!
{
	archiveVersion = 1;
	classes = {
	};
	objectVersion = 56;
	objects = {

/* Begin PBXBuildFile section */
		2D1AF61B29C0421900E19B6B /* AppDelegate.swift in Sources */ = {isa = PBXBuildFile; fileRef = 2D1AF61A29C0421900E19B6B /* AppDelegate.swift */; };
		2D1AF61D29C0421900E19B6B /* SceneDelegate.swift in Sources */ = {isa = PBXBuildFile; fileRef = 2D1AF61C29C0421900E19B6B /* SceneDelegate.swift */; };
		2D1AF61F29C0421900E19B6B /* ViewController.swift in Sources */ = {isa = PBXBuildFile; fileRef = 2D1AF61E29C0421900E19B6B /* ViewController.swift */; };
		2D1AF62229C0421900E19B6B /* Main.storyboard in Resources */ = {isa = PBXBuildFile; fileRef = 2D1AF62029C0421900E19B6B /* Main.storyboard */; };
		2D1AF62429C0421900E19B6B /* Assets.xcassets in Resources */ = {isa = PBXBuildFile; fileRef = 2D1AF62329C0421900E19B6B /* Assets.xcassets */; };
		2D1AF62729C0421900E19B6B /* LaunchScreen.storyboard in Resources */ = {isa = PBXBuildFile; fileRef = 2D1AF62529C0421900E19B6B /* LaunchScreen.storyboard */; };
		2D1AF62F29C0461200E19B6B /* CollectionViewCell1.swift in Sources */ = {isa = PBXBuildFile; fileRef = 2D1AF62E29C0461200E19B6B /* CollectionViewCell1.swift */; };
		2D1AF63129C04DDC00E19B6B /* CollectionViewCell2.swift in Sources */ = {isa = PBXBuildFile; fileRef = 2D1AF63029C04DDC00E19B6B /* CollectionViewCell2.swift */; };
		2D1AF63329C05C3700E19B6B /* CollectionViewCell3.swift in Sources */ = {isa = PBXBuildFile; fileRef = 2D1AF63229C05C3700E19B6B /* CollectionViewCell3.swift */; };
/* End PBXBuildFile section */

/* Begin PBXFileReference section */
		2D1AF61729C0421900E19B6B /* Pr3 (CollectionView).app */ = {isa = PBXFileReference; explicitFileType = wrapper.application; includeInIndex = 0; path = "Pr3 (CollectionView).app"; sourceTree = BUILT_PRODUCTS_DIR; };
		2D1AF61A29C0421900E19B6B /* AppDelegate.swift */ = {isa = PBXFileReference; lastKnownFileType = sourcecode.swift; path = AppDelegate.swift; sourceTree = "<group>"; };
		2D1AF61C29C0421900E19B6B /* SceneDelegate.swift */ = {isa = PBXFileReference; lastKnownFileType = sourcecode.swift; path = SceneDelegate.swift; sourceTree = "<group>"; };
		2D1AF61E29C0421900E19B6B /* ViewController.swift */ = {isa = PBXFileReference; lastKnownFileType = sourcecode.swift; path = ViewController.swift; sourceTree = "<group>"; };
		2D1AF62129C0421900E19B6B /* Base */ = {isa = PBXFileReference; lastKnownFileType = file.storyboard; name = Base; path = Base.lproj/Main.storyboard; sourceTree = "<group>"; };
		2D1AF62329C0421900E19B6B /* Assets.xcassets */ = {isa = PBXFileReference; lastKnownFileType = folder.assetcatalog; path = Assets.xcassets; sourceTree = "<group>"; };
		2D1AF62629C0421900E19B6B /* Base */ = {isa = PBXFileReference; lastKnownFileType = file.storyboard; name = Base; path = Base.lproj/LaunchScreen.storyboard; sourceTree = "<group>"; };
		2D1AF62829C0421900E19B6B /* Info.plist */ = {isa = PBXFileReference; lastKnownFileType = text.plist.xml; path = Info.plist; sourceTree = "<group>"; };
		2D1AF62E29C0461200E19B6B /* CollectionViewCell1.swift */ = {isa = PBXFileReference; lastKnownFileType = sourcecode.swift; path = CollectionViewCell1.swift; sourceTree = "<group>"; };
		2D1AF63029C04DDC00E19B6B /* CollectionViewCell2.swift */ = {isa = PBXFileReference; lastKnownFileType = sourcecode.swift; path = CollectionViewCell2.swift; sourceTree = "<group>"; };
		2D1AF63229C05C3700E19B6B /* CollectionViewCell3.swift */ = {isa = PBXFileReference; lastKnownFileType = sourcecode.swift; path = CollectionViewCell3.swift; sourceTree = "<group>"; };
/* End PBXFileReference section */

/* Begin PBXFrameworksBuildPhase section */
		2D1AF61429C0421900E19B6B /* Frameworks */ = {
			isa = PBXFrameworksBuildPhase;
			buildActionMask = 2147483647;
			files = (
			);
			runOnlyForDeploymentPostprocessing = 0;
		};
/* End PBXFrameworksBuildPhase section */

/* Begin PBXGroup section */
		2D1AF60E29C0421900E19B6B = {
			isa = PBXGroup;
			children = (
				2D1AF61929C0421900E19B6B /* Pr3 (CollectionView) */,
				2D1AF61829C0421900E19B6B /* Products */,
			);
			sourceTree = "<group>";
		};
		2D1AF61829C0421900E19B6B /* Products */ = {
			isa = PBXGroup;
			children = (
				2D1AF61729C0421900E19B6B /* Pr3 (CollectionView).app */,
			);
			name = Products;
			sourceTree = "<group>";
		};
		2D1AF61929C0421900E19B6B /* Pr3 (CollectionView) */ = {
			isa = PBXGroup;
			children = (
				2D1AF61A29C0421900E19B6B /* AppDelegate.swift */,
				2D1AF61C29C0421900E19B6B /* SceneDelegate.swift */,
				2D1AF61E29C0421900E19B6B /* ViewController.swift */,
				2D1AF62E29C0461200E19B6B /* CollectionViewCell1.swift */,
				2D1AF62029C0421900E19B6B /* Main.storyboard */,
				2D1AF63229C05C3700E19B6B /* CollectionViewCell3.swift */,
				2D1AF63029C04DDC00E19B6B /* CollectionViewCell2.swift */,
				2D1AF62329C0421900E19B6B /* Assets.xcassets */,
				2D1AF62529C0421900E19B6B /* LaunchScreen.storyboard */,
				2D1AF62829C0421900E19B6B /* Info.plist */,
			);
			path = "Pr3 (CollectionView)";
			sourceTree = "<group>";
		};
/* End PBXGroup section */

/* Begin PBXNativeTarget section */
		2D1AF61629C0421900E19B6B /* Pr3 (CollectionView) */ = {
			isa = PBXNativeTarget;
			buildConfigurationList = 2D1AF62B29C0421900E19B6B /* Build configuration list for PBXNativeTarget "Pr3 (CollectionView)" */;
			buildPhases = (
				2D1AF61329C0421900E19B6B /* Sources */,
				2D1AF61429C0421900E19B6B /* Frameworks */,
				2D1AF61529C0421900E19B6B /* Resources */,
			);
			buildRules = (
			);
			dependencies = (
			);
			name = "Pr3 (CollectionView)";
			productName = "Pr3 (CollectionView)";
			productReference = 2D1AF61729C0421900E19B6B /* Pr3 (CollectionView).app */;
			productType = "com.apple.product-type.application";
		};
/* End PBXNativeTarget section */

/* Begin PBXProject section */
		2D1AF60F29C0421900E19B6B /* Project object */ = {
			isa = PBXProject;
			attributes = {
				BuildIndependentTargetsInParallel = 1;
				LastSwiftUpdateCheck = 1420;
				LastUpgradeCheck = 1420;
				TargetAttributes = {
					2D1AF61629C0421900E19B6B = {
						CreatedOnToolsVersion = 14.2;
					};
				};
			};
			buildConfigurationList = 2D1AF61229C0421900E19B6B /* Build configuration list for PBXProject "Pr3 (CollectionView)" */;
			compatibilityVersion = "Xcode 14.0";
			developmentRegion = en;
			hasScannedForEncodings = 0;
			knownRegions = (
				en,
				Base,
			);
			mainGroup = 2D1AF60E29C0421900E19B6B;
			productRefGroup = 2D1AF61829C0421900E19B6B /* Products */;
			projectDirPath = "";
			projectRoot = "";
			targets = (
				2D1AF61629C0421900E19B6B /* Pr3 (CollectionView) */,
			);
		};
/* End PBXProject section */

/* Begin PBXResourcesBuildPhase section */
		2D1AF61529C0421900E19B6B /* Resources */ = {
			isa = PBXResourcesBuildPhase;
			buildActionMask = 2147483647;
			files = (
				2D1AF62729C0421900E19B6B /* LaunchScreen.storyboard in Resources */,
				2D1AF62429C0421900E19B6B /* Assets.xcassets in Resources */,
				2D1AF62229C0421900E19B6B /* Main.storyboard in Resources */,
			);
			runOnlyForDeploymentPostprocessing = 0;
		};
/* End PBXResourcesBuildPhase section */

/* Begin PBXSourcesBuildPhase section */
		2D1AF61329C0421900E19B6B /* Sources */ = {
			isa = PBXSourcesBuildPhase;
			buildActionMask = 2147483647;
			files = (
				2D1AF62F29C0461200E19B6B /* CollectionViewCell1.swift in Sources */,
				2D1AF61F29C0421900E19B6B /* ViewController.swift in Sources */,
				2D1AF63129C04DDC00E19B6B /* CollectionViewCell2.swift in Sources */,
				2D1AF61B29C0421900E19B6B /* AppDelegate.swift in Sources */,
				2D1AF63329C05C3700E19B6B /* CollectionViewCell3.swift in Sources */,
				2D1AF61D29C0421900E19B6B /* SceneDelegate.swift in Sources */,
			);
			runOnlyForDeploymentPostprocessing = 0;
		};
/* End PBXSourcesBuildPhase section */

/* Begin PBXVariantGroup section */
		2D1AF62029C0421900E19B6B /* Main.storyboard */ = {
			isa = PBXVariantGroup;
			children = (
				2D1AF62129C0421900E19B6B /* Base */,
			);
			name = Main.storyboard;
			sourceTree = "<group>";
		};
		2D1AF62529C0421900E19B6B /* LaunchScreen.storyboard */ = {
			isa = PBXVariantGroup;
			children = (
				2D1AF62629C0421900E19B6B /* Base */,
			);
			name = LaunchScreen.storyboard;
			sourceTree = "<group>";
		};
/* End PBXVariantGroup section */

/* Begin XCBuildConfiguration section */
		2D1AF62929C0421900E19B6B /* Debug */ = {
			isa = XCBuildConfiguration;
			buildSettings = {
				ALWAYS_SEARCH_USER_PATHS = NO;
				CLANG_ANALYZER_NONNULL = YES;
				CLANG_ANALYZER_NUMBER_OBJECT_CONVERSION = YES_AGGRESSIVE;
				CLANG_CXX_LANGUAGE_STANDARD = "gnu++20";
				CLANG_ENABLE_MODULES = YES;
				CLANG_ENABLE_OBJC_ARC = YES;
				CLANG_ENABLE_OBJC_WEAK = YES;
				CLANG_WARN_BLOCK_CAPTURE_AUTORELEASING = YES;
				CLANG_WARN_BOOL_CONVERSION = YES;
				CLANG_WARN_COMMA = YES;
				CLANG_WARN_CONSTANT_CONVERSION = YES;
				CLANG_WARN_DEPRECATED_OBJC_IMPLEMENTATIONS = YES;
				CLANG_WARN_DIRECT_OBJC_ISA_USAGE = YES_ERROR;
				CLANG_WARN_DOCUMENTATION_COMMENTS = YES;
				CLANG_WARN_EMPTY_BODY = YES;
				CLANG_WARN_ENUM_CONVERSION = YES;
				CLANG_WARN_INFINITE_RECURSION = YES;
				CLANG_WARN_INT_CONVERSION = YES;
				CLANG_WARN_NON_LITERAL_NULL_CONVERSION = YES;
				CLANG_WARN_OBJC_IMPLICIT_RETAIN_SELF = YES;
				CLANG_WARN_OBJC_LITERAL_CONVERSION = YES;
				CLANG_WARN_OBJC_ROOT_CLASS = YES_ERROR;
				CLANG_WARN_QUOTED_INCLUDE_IN_FRAMEWORK_HEADER = YES;
				CLANG_WARN_RANGE_LOOP_ANALYSIS = YES;
				CLANG_WARN_STRICT_PROTOTYPES = YES;
				CLANG_WARN_SUSPICIOUS_MOVE = YES;
				CLANG_WARN_UNGUARDED_AVAILABILITY = YES_AGGRESSIVE;
				CLANG_WARN_UNREACHABLE_CODE = YES;
				CLANG_WARN__DUPLICATE_METHOD_MATCH = YES;
				COPY_PHASE_STRIP = NO;
				DEBUG_INFORMATION_FORMAT = dwarf;
				ENABLE_STRICT_OBJC_MSGSEND = YES;
				ENABLE_TESTABILITY = YES;
				GCC_C_LANGUAGE_STANDARD = gnu11;
				GCC_DYNAMIC_NO_PIC = NO;
				GCC_NO_COMMON_BLOCKS = YES;
				GCC_OPTIMIZATION_LEVEL = 0;
				GCC_PREPROCESSOR_DEFINITIONS = (
					"DEBUG=1",
					"$(inherited)",
				);
				GCC_WARN_64_TO_32_BIT_CONVERSION = YES;
				GCC_WARN_ABOUT_RETURN_TYPE = YES_ERROR;
				GCC_WARN_UNDECLARED_SELECTOR = YES;
				GCC_WARN_UNINITIALIZED_AUTOS = YES_AGGRESSIVE;
				GCC_WARN_UNUSED_FUNCTION = YES;
				GCC_WARN_UNUSED_VARIABLE = YES;
				IPHONEOS_DEPLOYMENT_TARGET = 16.2;
				MTL_ENABLE_DEBUG_INFO = INCLUDE_SOURCE;
				MTL_FAST_MATH = YES;
				ONLY_ACTIVE_ARCH = YES;
				SDKROOT = iphoneos;
				SWIFT_ACTIVE_COMPILATION_CONDITIONS = DEBUG;
				SWIFT_OPTIMIZATION_LEVEL = "-Onone";
			};
			name = Debug;
		};
		2D1AF62A29C0421900E19B6B /* Release */ = {
			isa = XCBuildConfiguration;
			buildSettings = {
				ALWAYS_SEARCH_USER_PATHS = NO;
				CLANG_ANALYZER_NONNULL = YES;
				CLANG_ANALYZER_NUMBER_OBJECT_CONVERSION = YES_AGGRESSIVE;
				CLANG_CXX_LANGUAGE_STANDARD = "gnu++20";
				CLANG_ENABLE_MODULES = YES;
				CLANG_ENABLE_OBJC_ARC = YES;
				CLANG_ENABLE_OBJC_WEAK = YES;
				CLANG_WARN_BLOCK_CAPTURE_AUTORELEASING = YES;
				CLANG_WARN_BOOL_CONVERSION = YES;
				CLANG_WARN_COMMA = YES;
				CLANG_WARN_CONSTANT_CONVERSION = YES;
				CLANG_WARN_DEPRECATED_OBJC_IMPLEMENTATIONS = YES;
				CLANG_WARN_DIRECT_OBJC_ISA_USAGE = YES_ERROR;
				CLANG_WARN_DOCUMENTATION_COMMENTS = YES;
				CLANG_WARN_EMPTY_BODY = YES;
				CLANG_WARN_ENUM_CONVERSION = YES;
				CLANG_WARN_INFINITE_RECURSION = YES;
				CLANG_WARN_INT_CONVERSION = YES;
				CLANG_WARN_NON_LITERAL_NULL_CONVERSION = YES;
				CLANG_WARN_OBJC_IMPLICIT_RETAIN_SELF = YES;
				CLANG_WARN_OBJC_LITERAL_CONVERSION = YES;
				CLANG_WARN_OBJC_ROOT_CLASS = YES_ERROR;
				CLANG_WARN_QUOTED_INCLUDE_IN_FRAMEWORK_HEADER = YES;
				CLANG_WARN_RANGE_LOOP_ANALYSIS = YES;
				CLANG_WARN_STRICT_PROTOTYPES = YES;
				CLANG_WARN_SUSPICIOUS_MOVE = YES;
				CLANG_WARN_UNGUARDED_AVAILABILITY = YES_AGGRESSIVE;
				CLANG_WARN_UNREACHABLE_CODE = YES;
				CLANG_WARN__DUPLICATE_METHOD_MATCH = YES;
				COPY_PHASE_STRIP = NO;
				DEBUG_INFORMATION_FORMAT = "dwarf-with-dsym";
				ENABLE_NS_ASSERTIONS = NO;
				ENABLE_STRICT_OBJC_MSGSEND = YES;
				GCC_C_LANGUAGE_STANDARD = gnu11;
				GCC_NO_COMMON_BLOCKS = YES;
				GCC_WARN_64_TO_32_BIT_CONVERSION = YES;
				GCC_WARN_ABOUT_RETURN_TYPE = YES_ERROR;
				GCC_WARN_UNDECLARED_SELECTOR = YES;
				GCC_WARN_UNINITIALIZED_AUTOS = YES_AGGRESSIVE;
				GCC_WARN_UNUSED_FUNCTION = YES;
				GCC_WARN_UNUSED_VARIABLE = YES;
				IPHONEOS_DEPLOYMENT_TARGET = 16.2;
				MTL_ENABLE_DEBUG_INFO = NO;
				MTL_FAST_MATH = YES;
				SDKROOT = iphoneos;
				SWIFT_COMPILATION_MODE = wholemodule;
				SWIFT_OPTIMIZATION_LEVEL = "-O";
				VALIDATE_PRODUCT = YES;
			};
			name = Release;
		};
		2D1AF62C29C0421900E19B6B /* Debug */ = {
			isa = XCBuildConfiguration;
			buildSettings = {
				ASSETCATALOG_COMPILER_APPICON_NAME = AppIcon;
				ASSETCATALOG_COMPILER_GLOBAL_ACCENT_COLOR_NAME = AccentColor;
				CODE_SIGN_STYLE = Automatic;
				CURRENT_PROJECT_VERSION = 1;
				DEVELOPMENT_TEAM = 3D7UQM8T2A;
				GENERATE_INFOPLIST_FILE = YES;
				INFOPLIST_FILE = "Pr3 (CollectionView)/Info.plist";
				INFOPLIST_KEY_UIApplicationSupportsIndirectInputEvents = YES;
				INFOPLIST_KEY_UILaunchStoryboardName = LaunchScreen;
				INFOPLIST_KEY_UIMainStoryboardFile = Main;
				INFOPLIST_KEY_UISupportedInterfaceOrientations_iPad = "UIInterfaceOrientationPortrait UIInterfaceOrientationPortraitUpsideDown UIInterfaceOrientationLandscapeLeft UIInterfaceOrientationLandscapeRight";
				INFOPLIST_KEY_UISupportedInterfaceOrientations_iPhone = "UIInterfaceOrientationPortrait UIInterfaceOrientationLandscapeLeft UIInterfaceOrientationLandscapeRight";
				LD_RUNPATH_SEARCH_PATHS = (
					"$(inherited)",
					"@executable_path/Frameworks",
				);
				MARKETING_VERSION = 1.0;
				PRODUCT_BUNDLE_IDENTIFIER = "com.dipika.Pr3--CollectionView-";
				PRODUCT_NAME = "$(TARGET_NAME)";
				SWIFT_EMIT_LOC_STRINGS = YES;
				SWIFT_VERSION = 5.0;
				TARGETED_DEVICE_FAMILY = "1,2";
			};
			name = Debug;
		};
		2D1AF62D29C0421900E19B6B /* Release */ = {
			isa = XCBuildConfiguration;
			buildSettings = {
				ASSETCATALOG_COMPILER_APPICON_NAME = AppIcon;
				ASSETCATALOG_COMPILER_GLOBAL_ACCENT_COLOR_NAME = AccentColor;
				CODE_SIGN_STYLE = Automatic;
				CURRENT_PROJECT_VERSION = 1;
				DEVELOPMENT_TEAM = 3D7UQM8T2A;
				GENERATE_INFOPLIST_FILE = YES;
				INFOPLIST_FILE = "Pr3 (CollectionView)/Info.plist";
				INFOPLIST_KEY_UIApplicationSupportsIndirectInputEvents = YES;
				INFOPLIST_KEY_UILaunchStoryboardName = LaunchScreen;
				INFOPLIST_KEY_UIMainStoryboardFile = Main;
				INFOPLIST_KEY_UISupportedInterfaceOrientations_iPad = "UIInterfaceOrientationPortrait UIInterfaceOrientationPortraitUpsideDown UIInterfaceOrientationLandscapeLeft UIInterfaceOrientationLandscapeRight";
				INFOPLIST_KEY_UISupportedInterfaceOrientations_iPhone = "UIInterfaceOrientationPortrait UIInterfaceOrientationLandscapeLeft UIInterfaceOrientationLandscapeRight";
				LD_RUNPATH_SEARCH_PATHS = (
					"$(inherited)",
					"@executable_path/Frameworks",
				);
				MARKETING_VERSION = 1.0;
				PRODUCT_BUNDLE_IDENTIFIER = "com.dipika.Pr3--CollectionView-";
				PRODUCT_NAME = "$(TARGET_NAME)";
				SWIFT_EMIT_LOC_STRINGS = YES;
				SWIFT_VERSION = 5.0;
				TARGETED_DEVICE_FAMILY = "1,2";
			};
			name = Release;
		};
/* End XCBuildConfiguration section */

/* Begin XCConfigurationList section */
		2D1AF61229C0421900E19B6B /* Build configuration list for PBXProject "Pr3 (CollectionView)" */ = {
			isa = XCConfigurationList;
			buildConfigurations = (
				2D1AF62929C0421900E19B6B /* Debug */,
				2D1AF62A29C0421900E19B6B /* Release */,
			);
			defaultConfigurationIsVisible = 0;
			defaultConfigurationName = Release;
		};
		2D1AF62B29C0421900E19B6B /* Build configuration list for PBXNativeTarget "Pr3 (CollectionView)" */ = {
			isa = XCConfigurationList;
			buildConfigurations = (
				2D1AF62C29C0421900E19B6B /* Debug */,
				2D1AF62D29C0421900E19B6B /* Release */,
			);
			defaultConfigurationIsVisible = 0;
			defaultConfigurationName = Release;
		};
/* End XCConfigurationList section */
	};
	rootObject = 2D1AF60F29C0421900E19B6B /* Project object */;
}
